// !$*UTF8*$!
{
	archiveVersion = 1;
	classes = {
	};
	objectVersion = 46;
	objects = {
/* Begin PBXBuildFile section */
		0207DA581B56EA530066E2B4 /* Images.xcassets in Resources */ = {isa = PBXBuildFile; fileRef = 0207DA571B56EA530066E2B4 /* Images.xcassets */; };
		1D3623260D0F684500981E51 /* AppDelegate.m in Sources */ = {isa = PBXBuildFile; fileRef = 1D3623250D0F684500981E51 /* AppDelegate.m */; };
		1D60589B0D05DD56006BFB54 /* main.m in Sources */ = {isa = PBXBuildFile; fileRef = 29B97316FDCFA39411CA2CEA /* main.m */; };
		301BF552109A68D80062928A /* libCordova.a in Frameworks */ = {isa = PBXBuildFile; fileRef = 301BF535109A57CC0062928A /* libCordova.a */; };
		302D95F114D2391D003F00A1 /* MainViewController.m in Sources */ = {isa = PBXBuildFile; fileRef = 302D95EF14D2391D003F00A1 /* MainViewController.m */; };
		302D95F214D2391D003F00A1 /* MainViewController.xib in Resources */ = {isa = PBXBuildFile; fileRef = 302D95F014D2391D003F00A1 /* MainViewController.xib */; };
		3047A5121AB8059700498E2A /* build-debug.xcconfig in Resources */ = {isa = PBXBuildFile; fileRef = 3047A50F1AB8059700498E2A /* build-debug.xcconfig */; };
		3047A5131AB8059700498E2A /* build-release.xcconfig in Resources */ = {isa = PBXBuildFile; fileRef = 3047A5101AB8059700498E2A /* build-release.xcconfig */; };
		3047A5141AB8059700498E2A /* build.xcconfig in Resources */ = {isa = PBXBuildFile; fileRef = 3047A5111AB8059700498E2A /* build.xcconfig */; };
		6AFF5BF91D6E424B00AB3073 /* CDVLaunchScreen.storyboard in Resources */ = {isa = PBXBuildFile; fileRef = 6AFF5BF81D6E424B00AB3073 /* CDVLaunchScreen.storyboard */; };
		28A4593EFC044B96B5B19CCE /* GoogleMobileAds.framework in Frameworks */ = {isa = PBXBuildFile; fileRef = AE7049A8802D4FA5B7552E42 /* GoogleMobileAds.framework */; };
		F8E93979AEED41EBBC366DFF /* AdSupport.framework in Frameworks */ = {isa = PBXBuildFile; fileRef = F371F7E4F99047179A3B823A /* AdSupport.framework */; };
		F99AAF48C4084927B4CB8A5D /* AudioToolbox.framework in Frameworks */ = {isa = PBXBuildFile; fileRef = B208F3FC23D64D25A64529F4 /* AudioToolbox.framework */; };
		914C14549A144EFBB21191AC /* AVFoundation.framework in Frameworks */ = {isa = PBXBuildFile; fileRef = C9D6D1899E0A43FA9C99449A /* AVFoundation.framework */; };
		AB764522F98F4F809201EB74 /* CoreFoundation.framework in Frameworks */ = {isa = PBXBuildFile; fileRef = 6DC77AAF90EC4C1BA8C14EC7 /* CoreFoundation.framework */; };
		C9D768DA53E74CFA87C7A89F /* CoreMedia.framework in Frameworks */ = {isa = PBXBuildFile; fileRef = F4D6C91B49E7445D9DE3543F /* CoreMedia.framework */; };
		80D70C91A4AF42668D96D2C0 /* CoreTelephony.framework in Frameworks */ = {isa = PBXBuildFile; fileRef = 7ED86503CCE74647BC8F4A27 /* CoreTelephony.framework */; };
		6461F7ECF3C146A18A9124DA /* MessageUI.framework in Frameworks */ = {isa = PBXBuildFile; fileRef = 439A179FA76F41A88A01B9CD /* MessageUI.framework */; };
		B3A57987702E4E3CA1417375 /* QuartzCore.framework in Frameworks */ = {isa = PBXBuildFile; fileRef = 25F8D55591CC406C8FF94413 /* QuartzCore.framework */; };
		2E39570881AA4F3BB8FB6A1B /* StoreKit.framework in Frameworks */ = {isa = PBXBuildFile; fileRef = 3A2503190DB14B05BF3C2922 /* StoreKit.framework */; };
		07FEA216B0DB4011BCB3BB57 /* SystemConfiguration.framework in Frameworks */ = {isa = PBXBuildFile; fileRef = F69B077D315E4266A9F2BE02 /* SystemConfiguration.framework */; };
		9B999CD0E08F4213B58A860E /* EventKit.framework in Frameworks */ = {isa = PBXBuildFile; fileRef = E026479E10824B538A07975D /* EventKit.framework */; };
		C4CB7E2A42F24D2AA33BFC5C /* EventKitUI.framework in Frameworks */ = {isa = PBXBuildFile; fileRef = D5E48E4E22204677B0447811 /* EventKitUI.framework */; };
		9D50F309D3DB49CAB5D441C5 /* CDVPluginExt.m in Sources */ = {isa = PBXBuildFile; fileRef = 1E909ED52CC842B5A9415108 /* CDVPluginExt.m */; };
		B10A6AFF41B64421ADE9BFEA /* libCordovaGenericAd.a in Frameworks */ = {isa = PBXBuildFile; fileRef = 26354304B4FB48969E0FF07F /* libCordovaGenericAd.a */; };
		A73567362C77498198D8ECDC /* CFNetwork.framework in Frameworks */ = {isa = PBXBuildFile; fileRef = 0ED83F6C7FDD41348C0313CC /* CFNetwork.framework */; };
		212D2625E0854EBDBFB2B1D3 /* CDVAdMobPlugin.m in Sources */ = {isa = PBXBuildFile; fileRef = 99DBC662E0D449E9A500624B /* CDVAdMobPlugin.m */; };
		EA8EC39F6F2940AF9F41B83C /* AdMobMediation.m in Sources */ = {isa = PBXBuildFile; fileRef = E4EA784430A4448B8BD83494 /* AdMobMediation.m */; };
		75800F8C57FB41BDBBCE7159 /* GoogleMobileAds.framework in Frameworks */ = {isa = PBXBuildFile; fileRef = A9A2E5DE0CD3427186D7EC1E /* GoogleMobileAds.framework */; };
		1D5DCFD1796244C9921266C7 /* CoreBluetooth.framework in Frameworks */ = {isa = PBXBuildFile; fileRef = AD62F2F77E4346ADBE4883C8 /* CoreBluetooth.framework */; };
		D826C5D0664947B2B996A4C1 /* CoreLocation.framework in Frameworks */ = {isa = PBXBuildFile; fileRef = 3E54AF40D66E40DA9EAA32F3 /* CoreLocation.framework */; };
		E9FB9F5F6D0E477CB5E07F1D /* CoreMotion.framework in Frameworks */ = {isa = PBXBuildFile; fileRef = 300D4D80781545AAB8F4ED69 /* CoreMotion.framework */; };
		AFCAACA93A104134911C4068 /* CoreVideo.framework in Frameworks */ = {isa = PBXBuildFile; fileRef = 873BFC5569344D4BA1A27B7D /* CoreVideo.framework */; };
		096094F4D283430FBAE521CF /* Foundation.framework in Frameworks */ = {isa = PBXBuildFile; fileRef = 7D45074396FF4D6E82FB4822 /* Foundation.framework */; };
		5E9B2EDC52E741FEB883EAF9 /* GLKit.framework in Frameworks */ = {isa = PBXBuildFile; fileRef = C28D192F763E425B866A1E41 /* GLKit.framework */; };
		1EF3F8DEEBE24480AEA03347 /* MediaPlayer.framework in Frameworks */ = {isa = PBXBuildFile; fileRef = BAAD03BFC3FE45CD97E5A6C2 /* MediaPlayer.framework */; };
		98A25374E9144042A55453F2 /* OpenGLES.framework in Frameworks */ = {isa = PBXBuildFile; fileRef = ABC470DA800C4E24ADEA8CFA /* OpenGLES.framework */; };
		1D1A2D60B0BC470FA72A9A5B /* SafariServices.framework in Frameworks */ = {isa = PBXBuildFile; fileRef = E7F0C52124394FB7BFA659B5 /* SafariServices.framework */; };
		D954CE9A493745C6BC82BB03 /* UIKit.framework in Frameworks */ = {isa = PBXBuildFile; fileRef = 81B94D6B6F6D4B2FB7E3BDC1 /* UIKit.framework */; };
		4FB5169E178043CDA72F0D94 /* CDVBattery.m in Sources */ = {isa = PBXBuildFile; fileRef = 3C1900EF39FE4563A049FD93 /* CDVBattery.m */; };
		348596854F3E4D3D9354BC4B /* UIImage+CropScaleOrientation.m in Sources */ = {isa = PBXBuildFile; fileRef = 8DEB88B56378427AB15A150C /* UIImage+CropScaleOrientation.m */; };
		CAFF61C0355A45039F160C15 /* CDVCamera.m in Sources */ = {isa = PBXBuildFile; fileRef = 79682E5047774D0FA9545581 /* CDVCamera.m */; };
		E6C50DC11AC84CCF939E6ACF /* CDVJpegHeaderWriter.m in Sources */ = {isa = PBXBuildFile; fileRef = 809DD849F9104A9AAEC581CC /* CDVJpegHeaderWriter.m */; };
		C7DDB00F3CA14267BADDC0B7 /* ImageIO.framework in Frameworks */ = {isa = PBXBuildFile; fileRef = 564C79950360412A9F90B73B /* ImageIO.framework */; settings = {ATTRIBUTES = (Weak, ); }; };
		228AB56FC21843BF95203F0B /* CDVLogger.m in Sources */ = {isa = PBXBuildFile; fileRef = 906615356AA54E689A24547A /* CDVLogger.m */; };
		4E653150134F49FE950F7E62 /* CDVContacts.m in Sources */ = {isa = PBXBuildFile; fileRef = 42AFD8C59E5F43DA83E383C6 /* CDVContacts.m */; };
		F38008E61B11470292201340 /* CDVContact.m in Sources */ = {isa = PBXBuildFile; fileRef = 4F044F709699422AAB7BF3E4 /* CDVContact.m */; };
		BACA4AF17EFB4093878328BE /* AddressBook.framework in Frameworks */ = {isa = PBXBuildFile; fileRef = 777C49E82A5541E8B656F78F /* AddressBook.framework */; settings = {ATTRIBUTES = (Weak, ); }; };
		6B7C973C85C3434381160A92 /* AddressBookUI.framework in Frameworks */ = {isa = PBXBuildFile; fileRef = E74D45053EDD4E10A5D84DB7 /* AddressBookUI.framework */; settings = {ATTRIBUTES = (Weak, ); }; };
		384F1BF4C54F407E8B729DB2 /* CDVDevice.m in Sources */ = {isa = PBXBuildFile; fileRef = 0D19A6EF856A430EB42B09C3 /* CDVDevice.m */; };
		9814041FFD544297864C33CD /* CDVCompass.m in Sources */ = {isa = PBXBuildFile; fileRef = 3963799169B5421399408B10 /* CDVCompass.m */; };
		AA02992AA9AD46BEBA46236D /* CDVNotification.m in Sources */ = {isa = PBXBuildFile; fileRef = E6A8F155DC0047E7AD41D9EF /* CDVNotification.m */; };
		D3F443FCE21049A784B74D4C /* CDVNotification.bundle in Resources */ = {isa = PBXBuildFile; fileRef = 3186C1E123664CFDB5920A8C /* CDVNotification.bundle */; };
		0B8C2C418CAF4AA397D8049D /* CDVFile.m in Sources */ = {isa = PBXBuildFile; fileRef = 1009656DD56D407196CA6F2E /* CDVFile.m */; };
		8A617ECCCFB3421E996694CF /* CDVLocalFilesystem.m in Sources */ = {isa = PBXBuildFile; fileRef = AAB5553CAE6E420A842F2893 /* CDVLocalFilesystem.m */; };
		9322892D88E0403383EA0106 /* CDVAssetLibraryFilesystem.m in Sources */ = {isa = PBXBuildFile; fileRef = 8F3B6934ED5B4D20A3575B58 /* CDVAssetLibraryFilesystem.m */; };
		0089D355861442C38F774B47 /* CDVFileTransfer.m in Sources */ = {isa = PBXBuildFile; fileRef = 99A0472FA19B428CA9B0DB55 /* CDVFileTransfer.m */; };
		DA0FCED91F5E43B1B547F7B7 /* CDVGlobalization.m in Sources */ = {isa = PBXBuildFile; fileRef = C7D61AC5E8344D3398F52D9F /* CDVGlobalization.m */; };
		7656BDE60626496EBD77E4A8 /* CDVInAppBrowser.m in Sources */ = {isa = PBXBuildFile; fileRef = 7A470755C48541E780CA344F /* CDVInAppBrowser.m */; };
		29C470D03DFD40A09019E193 /* CDVSound.m in Sources */ = {isa = PBXBuildFile; fileRef = 85C6FD45D9EE4526A357906D /* CDVSound.m */; };
		14600C89F6F74EA8B0B39D49 /* AppDelegate+FirebasePlugin.m in Sources */ = {isa = PBXBuildFile; fileRef = B666D7B3A03B48AB9280647F /* AppDelegate+FirebasePlugin.m */; };
		1FC6889BBA6F49789DAE072D /* FirebasePlugin.m in Sources */ = {isa = PBXBuildFile; fileRef = 93AFDEEACC1340ADBE081D67 /* FirebasePlugin.m */; };
		AA6C28CDB7BD4726843E1E9C /* GoogleService-Info.plist in Resources */ = {isa = PBXBuildFile; fileRef = A077E4C8344D4D248E8BB085 /* GoogleService-Info.plist */; };
		54CAC8414BB448AE9060C8B4 /* FirebaseAnalytics.framework in Frameworks */ = {isa = PBXBuildFile; fileRef = 344578B403F44A80877B48D5 /* FirebaseAnalytics.framework */; };
		54222819A555446BBF76AD55 /* FirebaseCore.framework in Frameworks */ = {isa = PBXBuildFile; fileRef = B25AE8D6CCF74CD69C9F2AED /* FirebaseCore.framework */; };
		95B9E8BCA75A48FC90811550 /* FirebaseInstanceID.framework in Frameworks */ = {isa = PBXBuildFile; fileRef = 8E1FBCAC83414C49AD017514 /* FirebaseInstanceID.framework */; };
		70BBA1C39E294DBEA1E7F9A8 /* GoogleInterchangeUtilities.framework in Frameworks */ = {isa = PBXBuildFile; fileRef = F053E627173347B3857A4EB6 /* GoogleInterchangeUtilities.framework */; };
		A89365177E704A01B420DDB4 /* GoogleSymbolUtilities.framework in Frameworks */ = {isa = PBXBuildFile; fileRef = AE892AFDD5BB4870A0066418 /* GoogleSymbolUtilities.framework */; };
		8F5DB42CFAE446BB85A11A3B /* GoogleUtilities.framework in Frameworks */ = {isa = PBXBuildFile; fileRef = 11E7AE67504C45C5AE84CD89 /* GoogleUtilities.framework */; };
		C32D0421A4F947AA9330B369 /* FirebaseMessaging.framework in Frameworks */ = {isa = PBXBuildFile; fileRef = 25EC1B5B0D224F7286411670 /* FirebaseMessaging.framework */; };
		E5A87B6804434B8BB5EE0EEA /* GoogleIPhoneUtilities.framework in Frameworks */ = {isa = PBXBuildFile; fileRef = C2DBE72C3D404C61831BBCA0 /* GoogleIPhoneUtilities.framework */; };
		774E1BF519B348EF99C79E92 /* FirebaseCrash.framework in Frameworks */ = {isa = PBXBuildFile; fileRef = 2E8879BA27C842FAA21FEA93 /* FirebaseCrash.framework */; };
		B8BEB06E256642FB9D313850 /* FirebaseRemoteConfig.framework in Frameworks */ = {isa = PBXBuildFile; fileRef = B35160091497408A932A6DA3 /* FirebaseRemoteConfig.framework */; };
/* End PBXBuildFile section */

/* Begin PBXContainerItemProxy section */
		301BF534109A57CC0062928A /* PBXContainerItemProxy */ = {
			isa = PBXContainerItemProxy;
			containerPortal = 301BF52D109A57CC0062928A /* CordovaLib.xcodeproj */;
			proxyType = 2;
			remoteGlobalIDString = D2AAC07E0554694100DB518D;
			remoteInfo = CordovaLib;
		};
		301BF550109A68C00062928A /* PBXContainerItemProxy */ = {
			isa = PBXContainerItemProxy;
			containerPortal = 301BF52D109A57CC0062928A /* CordovaLib.xcodeproj */;
			proxyType = 1;
			remoteGlobalIDString = D2AAC07D0554694100DB518D;
			remoteInfo = CordovaLib;
		};
/* End PBXContainerItemProxy section */

/* Begin PBXFileReference section */
		0207DA571B56EA530066E2B4 /* Images.xcassets */ = {isa = PBXFileReference; lastKnownFileType = folder.assetcatalog; name = Images.xcassets; path = "Kollaj/Images.xcassets"; sourceTree = SOURCE_ROOT; };
		1D3623240D0F684500981E51 /* AppDelegate.h */ = {isa = PBXFileReference; fileEncoding = 4; lastKnownFileType = sourcecode.c.h; path = AppDelegate.h; sourceTree = "<group>"; };
		1D3623250D0F684500981E51 /* AppDelegate.m */ = {isa = PBXFileReference; fileEncoding = 4; lastKnownFileType = sourcecode.c.objc; path = AppDelegate.m; sourceTree = "<group>"; };
		1D6058910D05DD3D006BFB54 /* Kollaj.app */ = {isa = PBXFileReference; explicitFileType = wrapper.application; includeInIndex = 0; path = "Kollaj.app"; sourceTree = BUILT_PRODUCTS_DIR; };
		29B97316FDCFA39411CA2CEA /* main.m */ = {isa = PBXFileReference; fileEncoding = 4; lastKnownFileType = sourcecode.c.objc; path = main.m; sourceTree = "<group>"; };
		301BF52D109A57CC0062928A /* CordovaLib.xcodeproj */ = {isa = PBXFileReference; lastKnownFileType = "wrapper.pb-project"; name = CordovaLib.xcodeproj; path = CordovaLib/CordovaLib.xcodeproj; sourceTree = "<group>"; };
		301BF56E109A69640062928A /* www */ = {isa = PBXFileReference; lastKnownFileType = folder; path = www; sourceTree = SOURCE_ROOT; };
		302D95EE14D2391D003F00A1 /* MainViewController.h */ = {isa = PBXFileReference; fileEncoding = 4; lastKnownFileType = sourcecode.c.h; path = MainViewController.h; sourceTree = "<group>"; };
		302D95EF14D2391D003F00A1 /* MainViewController.m */ = {isa = PBXFileReference; fileEncoding = 4; lastKnownFileType = sourcecode.c.objc; path = MainViewController.m; sourceTree = "<group>"; };
		302D95F014D2391D003F00A1 /* MainViewController.xib */ = {isa = PBXFileReference; fileEncoding = 4; lastKnownFileType = file.xib; path = MainViewController.xib; sourceTree = "<group>"; };
		3047A50F1AB8059700498E2A /* build-debug.xcconfig */ = {isa = PBXFileReference; fileEncoding = 4; lastKnownFileType = text.xcconfig; name = "build-debug.xcconfig"; path = cordova/build-debug.xcconfig; sourceTree = SOURCE_ROOT; };
		3047A5101AB8059700498E2A /* build-release.xcconfig */ = {isa = PBXFileReference; fileEncoding = 4; lastKnownFileType = text.xcconfig; name = "build-release.xcconfig"; path = cordova/build-release.xcconfig; sourceTree = SOURCE_ROOT; };
		3047A5111AB8059700498E2A /* build.xcconfig */ = {isa = PBXFileReference; fileEncoding = 4; lastKnownFileType = text.xcconfig; name = build.xcconfig; path = cordova/build.xcconfig; sourceTree = SOURCE_ROOT; };
		32CA4F630368D1EE00C91783 /* Kollaj-Prefix.pch */ = {isa = PBXFileReference; fileEncoding = 4; lastKnownFileType = sourcecode.c.h; path = "Kollaj-Prefix.pch"; sourceTree = "<group>"; };
		6AFF5BF81D6E424B00AB3073 /* CDVLaunchScreen.storyboard */ = {isa = PBXFileReference; fileEncoding = 4; lastKnownFileType = file.storyboard; name = CDVLaunchScreen.storyboard; path = "Kollaj/CDVLaunchScreen.storyboard"; sourceTree = SOURCE_ROOT; };
		8D1107310486CEB800E47090 /* Kollaj-Info.plist */ = {isa = PBXFileReference; fileEncoding = 4; lastKnownFileType = text.plist.xml; name = "Kollaj-Info.plist"; path = "Kollaj/Kollaj-Info.plist"; plistStructureDefinitionIdentifier = "com.apple.xcode.plist.structure-definition.iphone.info-plist"; sourceTree = SOURCE_ROOT; };
		EB87FDF31871DA8E0020F90C /* www */ = {isa = PBXFileReference; lastKnownFileType = folder; name = www; path = ../../www; sourceTree = "<group>"; };
		EB87FDF41871DAF40020F90C /* config.xml */ = {isa = PBXFileReference; lastKnownFileType = text.xml; name = config.xml; path = ../../config.xml; sourceTree = "<group>"; };
		F840E1F0165FE0F500CFE078 /* config.xml */ = {isa = PBXFileReference; lastKnownFileType = text.xml; name = config.xml; path = "Kollaj/config.xml"; sourceTree = "<group>"; };
		ED33DF2A687741AEAF9F8254 /* Bridging-Header.h */ = {isa = PBXFileReference; fileEncoding = 4; lastKnownFileType = sourcecode.c.h; name = "Bridging-Header.h"; path = "Bridging-Header.h"; sourceTree = "<group>"; };
		AE7049A8802D4FA5B7552E42 /* GoogleMobileAds.framework */ = {isa = PBXFileReference; name = "GoogleMobileAds.framework"; path = "Kollaj/Plugins/cordova-libgoogleadmobads/GoogleMobileAds.framework"; sourceTree = "<group>"; fileEncoding = undefined; lastKnownFileType = wrapper.framework; explicitFileType = undefined; includeInIndex = 0; };
		F371F7E4F99047179A3B823A /* AdSupport.framework */ = {isa = PBXFileReference; name = "AdSupport.framework"; path = "System/Library/Frameworks/AdSupport.framework"; sourceTree = SDKROOT; fileEncoding = undefined; lastKnownFileType = wrapper.framework; explicitFileType = undefined; includeInIndex = 0; };
		B208F3FC23D64D25A64529F4 /* AudioToolbox.framework */ = {isa = PBXFileReference; name = "AudioToolbox.framework"; path = "System/Library/Frameworks/AudioToolbox.framework"; sourceTree = SDKROOT; fileEncoding = undefined; lastKnownFileType = wrapper.framework; explicitFileType = undefined; includeInIndex = 0; };
		C9D6D1899E0A43FA9C99449A /* AVFoundation.framework */ = {isa = PBXFileReference; name = "AVFoundation.framework"; path = "System/Library/Frameworks/AVFoundation.framework"; sourceTree = SDKROOT; fileEncoding = undefined; lastKnownFileType = wrapper.framework; explicitFileType = undefined; includeInIndex = 0; };
		6DC77AAF90EC4C1BA8C14EC7 /* CoreFoundation.framework */ = {isa = PBXFileReference; name = "CoreFoundation.framework"; path = "System/Library/Frameworks/CoreFoundation.framework"; sourceTree = SDKROOT; fileEncoding = undefined; lastKnownFileType = wrapper.framework; explicitFileType = undefined; includeInIndex = 0; };
		F4D6C91B49E7445D9DE3543F /* CoreMedia.framework */ = {isa = PBXFileReference; name = "CoreMedia.framework"; path = "System/Library/Frameworks/CoreMedia.framework"; sourceTree = SDKROOT; fileEncoding = undefined; lastKnownFileType = wrapper.framework; explicitFileType = undefined; includeInIndex = 0; };
		7ED86503CCE74647BC8F4A27 /* CoreTelephony.framework */ = {isa = PBXFileReference; name = "CoreTelephony.framework"; path = "System/Library/Frameworks/CoreTelephony.framework"; sourceTree = SDKROOT; fileEncoding = undefined; lastKnownFileType = wrapper.framework; explicitFileType = undefined; includeInIndex = 0; };
		439A179FA76F41A88A01B9CD /* MessageUI.framework */ = {isa = PBXFileReference; name = "MessageUI.framework"; path = "System/Library/Frameworks/MessageUI.framework"; sourceTree = SDKROOT; fileEncoding = undefined; lastKnownFileType = wrapper.framework; explicitFileType = undefined; includeInIndex = 0; };
		25F8D55591CC406C8FF94413 /* QuartzCore.framework */ = {isa = PBXFileReference; name = "QuartzCore.framework"; path = "System/Library/Frameworks/QuartzCore.framework"; sourceTree = SDKROOT; fileEncoding = undefined; lastKnownFileType = wrapper.framework; explicitFileType = undefined; includeInIndex = 0; };
		3A2503190DB14B05BF3C2922 /* StoreKit.framework */ = {isa = PBXFileReference; name = "StoreKit.framework"; path = "System/Library/Frameworks/StoreKit.framework"; sourceTree = SDKROOT; fileEncoding = undefined; lastKnownFileType = wrapper.framework; explicitFileType = undefined; includeInIndex = 0; };
		F69B077D315E4266A9F2BE02 /* SystemConfiguration.framework */ = {isa = PBXFileReference; name = "SystemConfiguration.framework"; path = "System/Library/Frameworks/SystemConfiguration.framework"; sourceTree = SDKROOT; fileEncoding = undefined; lastKnownFileType = wrapper.framework; explicitFileType = undefined; includeInIndex = 0; };
		E026479E10824B538A07975D /* EventKit.framework */ = {isa = PBXFileReference; name = "EventKit.framework"; path = "System/Library/Frameworks/EventKit.framework"; sourceTree = SDKROOT; fileEncoding = undefined; lastKnownFileType = wrapper.framework; explicitFileType = undefined; includeInIndex = 0; };
		D5E48E4E22204677B0447811 /* EventKitUI.framework */ = {isa = PBXFileReference; name = "EventKitUI.framework"; path = "System/Library/Frameworks/EventKitUI.framework"; sourceTree = SDKROOT; fileEncoding = undefined; lastKnownFileType = wrapper.framework; explicitFileType = undefined; includeInIndex = 0; };
		1E909ED52CC842B5A9415108 /* CDVPluginExt.m */ = {isa = PBXFileReference; name = "CDVPluginExt.m"; path = "cordova-plugin-extension/CDVPluginExt.m"; sourceTree = "<group>"; fileEncoding = 4; lastKnownFileType = sourcecode.c.objc; explicitFileType = undefined; includeInIndex = 0; };
		26354304B4FB48969E0FF07F /* libCordovaGenericAd.a */ = {isa = PBXFileReference; name = "libCordovaGenericAd.a"; path = "Kollaj/Plugins/cordova-plugin-extension/libCordovaGenericAd.a"; sourceTree = "<group>"; fileEncoding = undefined; lastKnownFileType = archive.ar; explicitFileType = undefined; includeInIndex = 0; };
		0D4F7DD8404F46BB929BC841 /* PluginAdapterDelegate.h */ = {isa = PBXFileReference; name = "PluginAdapterDelegate.h"; path = "cordova-plugin-extension/PluginAdapterDelegate.h"; sourceTree = "<group>"; fileEncoding = 4; lastKnownFileType = sourcecode.c.h; explicitFileType = undefined; includeInIndex = 0; };
		ABB873799FCC4C1C98E4A1B6 /* CDVPluginExt.h */ = {isa = PBXFileReference; name = "CDVPluginExt.h"; path = "cordova-plugin-extension/CDVPluginExt.h"; sourceTree = "<group>"; fileEncoding = 4; lastKnownFileType = sourcecode.c.h; explicitFileType = undefined; includeInIndex = 0; };
		D93B987AFC824974AC3AB7DE /* GenericAdPlugin.h */ = {isa = PBXFileReference; name = "GenericAdPlugin.h"; path = "cordova-plugin-extension/GenericAdPlugin.h"; sourceTree = "<group>"; fileEncoding = 4; lastKnownFileType = sourcecode.c.h; explicitFileType = undefined; includeInIndex = 0; };
		0ED83F6C7FDD41348C0313CC /* CFNetwork.framework */ = {isa = PBXFileReference; name = "CFNetwork.framework"; path = "System/Library/Frameworks/CFNetwork.framework"; sourceTree = SDKROOT; fileEncoding = undefined; lastKnownFileType = wrapper.framework; explicitFileType = undefined; includeInIndex = 0; };
		99DBC662E0D449E9A500624B /* CDVAdMobPlugin.m */ = {isa = PBXFileReference; name = "CDVAdMobPlugin.m"; path = "cordova-plugin-admobpro/CDVAdMobPlugin.m"; sourceTree = "<group>"; fileEncoding = 4; lastKnownFileType = sourcecode.c.objc; explicitFileType = undefined; includeInIndex = 0; };
		E4EA784430A4448B8BD83494 /* AdMobMediation.m */ = {isa = PBXFileReference; name = "AdMobMediation.m"; path = "cordova-plugin-admobpro/AdMobMediation.m"; sourceTree = "<group>"; fileEncoding = 4; lastKnownFileType = sourcecode.c.objc; explicitFileType = undefined; includeInIndex = 0; };
		B7FF42E4D2F5498681372571 /* CDVAdMobPlugin.h */ = {isa = PBXFileReference; name = "CDVAdMobPlugin.h"; path = "cordova-plugin-admobpro/CDVAdMobPlugin.h"; sourceTree = "<group>"; fileEncoding = 4; lastKnownFileType = sourcecode.c.h; explicitFileType = undefined; includeInIndex = 0; };
		7277D4CA2AFD45A7972353D7 /* AdMobMediation.h */ = {isa = PBXFileReference; name = "AdMobMediation.h"; path = "cordova-plugin-admobpro/AdMobMediation.h"; sourceTree = "<group>"; fileEncoding = 4; lastKnownFileType = sourcecode.c.h; explicitFileType = undefined; includeInIndex = 0; };
		A9A2E5DE0CD3427186D7EC1E /* GoogleMobileAds.framework */ = {isa = PBXFileReference; name = "GoogleMobileAds.framework"; path = "Kollaj/Plugins/cordova-plugin-admobpro/GoogleMobileAds.framework"; sourceTree = "<group>"; fileEncoding = undefined; lastKnownFileType = wrapper.framework; explicitFileType = undefined; includeInIndex = 0; };
		AD62F2F77E4346ADBE4883C8 /* CoreBluetooth.framework */ = {isa = PBXFileReference; name = "CoreBluetooth.framework"; path = "System/Library/Frameworks/CoreBluetooth.framework"; sourceTree = SDKROOT; fileEncoding = undefined; lastKnownFileType = wrapper.framework; explicitFileType = undefined; includeInIndex = 0; };
		3E54AF40D66E40DA9EAA32F3 /* CoreLocation.framework */ = {isa = PBXFileReference; name = "CoreLocation.framework"; path = "System/Library/Frameworks/CoreLocation.framework"; sourceTree = SDKROOT; fileEncoding = undefined; lastKnownFileType = wrapper.framework; explicitFileType = undefined; includeInIndex = 0; };
		300D4D80781545AAB8F4ED69 /* CoreMotion.framework */ = {isa = PBXFileReference; name = "CoreMotion.framework"; path = "System/Library/Frameworks/CoreMotion.framework"; sourceTree = SDKROOT; fileEncoding = undefined; lastKnownFileType = wrapper.framework; explicitFileType = undefined; includeInIndex = 0; };
		873BFC5569344D4BA1A27B7D /* CoreVideo.framework */ = {isa = PBXFileReference; name = "CoreVideo.framework"; path = "System/Library/Frameworks/CoreVideo.framework"; sourceTree = SDKROOT; fileEncoding = undefined; lastKnownFileType = wrapper.framework; explicitFileType = undefined; includeInIndex = 0; };
		7D45074396FF4D6E82FB4822 /* Foundation.framework */ = {isa = PBXFileReference; name = "Foundation.framework"; path = "System/Library/Frameworks/Foundation.framework"; sourceTree = SDKROOT; fileEncoding = undefined; lastKnownFileType = wrapper.framework; explicitFileType = undefined; includeInIndex = 0; };
		C28D192F763E425B866A1E41 /* GLKit.framework */ = {isa = PBXFileReference; name = "GLKit.framework"; path = "System/Library/Frameworks/GLKit.framework"; sourceTree = SDKROOT; fileEncoding = undefined; lastKnownFileType = wrapper.framework; explicitFileType = undefined; includeInIndex = 0; };
		BAAD03BFC3FE45CD97E5A6C2 /* MediaPlayer.framework */ = {isa = PBXFileReference; name = "MediaPlayer.framework"; path = "System/Library/Frameworks/MediaPlayer.framework"; sourceTree = SDKROOT; fileEncoding = undefined; lastKnownFileType = wrapper.framework; explicitFileType = undefined; includeInIndex = 0; };
		ABC470DA800C4E24ADEA8CFA /* OpenGLES.framework */ = {isa = PBXFileReference; name = "OpenGLES.framework"; path = "System/Library/Frameworks/OpenGLES.framework"; sourceTree = SDKROOT; fileEncoding = undefined; lastKnownFileType = wrapper.framework; explicitFileType = undefined; includeInIndex = 0; };
		E7F0C52124394FB7BFA659B5 /* SafariServices.framework */ = {isa = PBXFileReference; name = "SafariServices.framework"; path = "System/Library/Frameworks/SafariServices.framework"; sourceTree = SDKROOT; fileEncoding = undefined; lastKnownFileType = wrapper.framework; explicitFileType = undefined; includeInIndex = 0; };
		81B94D6B6F6D4B2FB7E3BDC1 /* UIKit.framework */ = {isa = PBXFileReference; name = "UIKit.framework"; path = "System/Library/Frameworks/UIKit.framework"; sourceTree = SDKROOT; fileEncoding = undefined; lastKnownFileType = wrapper.framework; explicitFileType = undefined; includeInIndex = 0; };
		3C1900EF39FE4563A049FD93 /* CDVBattery.m */ = {isa = PBXFileReference; name = "CDVBattery.m"; path = "cordova-plugin-battery-status/CDVBattery.m"; sourceTree = "<group>"; fileEncoding = 4; lastKnownFileType = sourcecode.c.objc; explicitFileType = undefined; includeInIndex = 0; };
		C2369F5760D3481088DC91AB /* CDVBattery.h */ = {isa = PBXFileReference; name = "CDVBattery.h"; path = "cordova-plugin-battery-status/CDVBattery.h"; sourceTree = "<group>"; fileEncoding = 4; lastKnownFileType = sourcecode.c.h; explicitFileType = undefined; includeInIndex = 0; };
		8DEB88B56378427AB15A150C /* UIImage+CropScaleOrientation.m */ = {isa = PBXFileReference; name = "UIImage+CropScaleOrientation.m"; path = "cordova-plugin-camera/UIImage+CropScaleOrientation.m"; sourceTree = "<group>"; fileEncoding = 4; lastKnownFileType = sourcecode.c.objc; explicitFileType = undefined; includeInIndex = 0; };
		79682E5047774D0FA9545581 /* CDVCamera.m */ = {isa = PBXFileReference; name = "CDVCamera.m"; path = "cordova-plugin-camera/CDVCamera.m"; sourceTree = "<group>"; fileEncoding = 4; lastKnownFileType = sourcecode.c.objc; explicitFileType = undefined; includeInIndex = 0; };
		809DD849F9104A9AAEC581CC /* CDVJpegHeaderWriter.m */ = {isa = PBXFileReference; name = "CDVJpegHeaderWriter.m"; path = "cordova-plugin-camera/CDVJpegHeaderWriter.m"; sourceTree = "<group>"; fileEncoding = 4; lastKnownFileType = sourcecode.c.objc; explicitFileType = undefined; includeInIndex = 0; };
		16A794E8C4E34AB58D39D1AD /* UIImage+CropScaleOrientation.h */ = {isa = PBXFileReference; name = "UIImage+CropScaleOrientation.h"; path = "cordova-plugin-camera/UIImage+CropScaleOrientation.h"; sourceTree = "<group>"; fileEncoding = 4; lastKnownFileType = sourcecode.c.h; explicitFileType = undefined; includeInIndex = 0; };
		3EFAA105A1A741D2AE77660A /* CDVCamera.h */ = {isa = PBXFileReference; name = "CDVCamera.h"; path = "cordova-plugin-camera/CDVCamera.h"; sourceTree = "<group>"; fileEncoding = 4; lastKnownFileType = sourcecode.c.h; explicitFileType = undefined; includeInIndex = 0; };
		C95BDC77BA4D4172A490CFE5 /* CDVJpegHeaderWriter.h */ = {isa = PBXFileReference; name = "CDVJpegHeaderWriter.h"; path = "cordova-plugin-camera/CDVJpegHeaderWriter.h"; sourceTree = "<group>"; fileEncoding = 4; lastKnownFileType = sourcecode.c.h; explicitFileType = undefined; includeInIndex = 0; };
		D850FD03BF764283A9172255 /* CDVExif.h */ = {isa = PBXFileReference; name = "CDVExif.h"; path = "cordova-plugin-camera/CDVExif.h"; sourceTree = "<group>"; fileEncoding = 4; lastKnownFileType = sourcecode.c.h; explicitFileType = undefined; includeInIndex = 0; };
		564C79950360412A9F90B73B /* ImageIO.framework */ = {isa = PBXFileReference; name = "ImageIO.framework"; path = "System/Library/Frameworks/ImageIO.framework"; sourceTree = SDKROOT; fileEncoding = undefined; lastKnownFileType = wrapper.framework; explicitFileType = undefined; includeInIndex = 0; };
		906615356AA54E689A24547A /* CDVLogger.m */ = {isa = PBXFileReference; name = "CDVLogger.m"; path = "cordova-plugin-console/CDVLogger.m"; sourceTree = "<group>"; fileEncoding = 4; lastKnownFileType = sourcecode.c.objc; explicitFileType = undefined; includeInIndex = 0; };
		A026C332E92D4832AE3A7357 /* CDVLogger.h */ = {isa = PBXFileReference; name = "CDVLogger.h"; path = "cordova-plugin-console/CDVLogger.h"; sourceTree = "<group>"; fileEncoding = 4; lastKnownFileType = sourcecode.c.h; explicitFileType = undefined; includeInIndex = 0; };
		42AFD8C59E5F43DA83E383C6 /* CDVContacts.m */ = {isa = PBXFileReference; name = "CDVContacts.m"; path = "cordova-plugin-contacts/CDVContacts.m"; sourceTree = "<group>"; fileEncoding = 4; lastKnownFileType = sourcecode.c.objc; explicitFileType = undefined; includeInIndex = 0; };
		4F044F709699422AAB7BF3E4 /* CDVContact.m */ = {isa = PBXFileReference; name = "CDVContact.m"; path = "cordova-plugin-contacts/CDVContact.m"; sourceTree = "<group>"; fileEncoding = 4; lastKnownFileType = sourcecode.c.objc; explicitFileType = undefined; includeInIndex = 0; };
		0D0225AF1BE84BF9A7522980 /* CDVContacts.h */ = {isa = PBXFileReference; name = "CDVContacts.h"; path = "cordova-plugin-contacts/CDVContacts.h"; sourceTree = "<group>"; fileEncoding = 4; lastKnownFileType = sourcecode.c.h; explicitFileType = undefined; includeInIndex = 0; };
		14C860E327F245308C29B621 /* CDVContact.h */ = {isa = PBXFileReference; name = "CDVContact.h"; path = "cordova-plugin-contacts/CDVContact.h"; sourceTree = "<group>"; fileEncoding = 4; lastKnownFileType = sourcecode.c.h; explicitFileType = undefined; includeInIndex = 0; };
		777C49E82A5541E8B656F78F /* AddressBook.framework */ = {isa = PBXFileReference; name = "AddressBook.framework"; path = "System/Library/Frameworks/AddressBook.framework"; sourceTree = SDKROOT; fileEncoding = undefined; lastKnownFileType = wrapper.framework; explicitFileType = undefined; includeInIndex = 0; };
		E74D45053EDD4E10A5D84DB7 /* AddressBookUI.framework */ = {isa = PBXFileReference; name = "AddressBookUI.framework"; path = "System/Library/Frameworks/AddressBookUI.framework"; sourceTree = SDKROOT; fileEncoding = undefined; lastKnownFileType = wrapper.framework; explicitFileType = undefined; includeInIndex = 0; };
		0D19A6EF856A430EB42B09C3 /* CDVDevice.m */ = {isa = PBXFileReference; name = "CDVDevice.m"; path = "cordova-plugin-device/CDVDevice.m"; sourceTree = "<group>"; fileEncoding = 4; lastKnownFileType = sourcecode.c.objc; explicitFileType = undefined; includeInIndex = 0; };
		C7E24DA19AFD416A8FF84DDF /* CDVDevice.h */ = {isa = PBXFileReference; name = "CDVDevice.h"; path = "cordova-plugin-device/CDVDevice.h"; sourceTree = "<group>"; fileEncoding = 4; lastKnownFileType = sourcecode.c.h; explicitFileType = undefined; includeInIndex = 0; };
		3963799169B5421399408B10 /* CDVCompass.m */ = {isa = PBXFileReference; name = "CDVCompass.m"; path = "cordova-plugin-device-orientation/CDVCompass.m"; sourceTree = "<group>"; fileEncoding = 4; lastKnownFileType = sourcecode.c.objc; explicitFileType = undefined; includeInIndex = 0; };
		50F370EC81D24EC8A357A8C4 /* CDVCompass.h */ = {isa = PBXFileReference; name = "CDVCompass.h"; path = "cordova-plugin-device-orientation/CDVCompass.h"; sourceTree = "<group>"; fileEncoding = 4; lastKnownFileType = sourcecode.c.h; explicitFileType = undefined; includeInIndex = 0; };
		E6A8F155DC0047E7AD41D9EF /* CDVNotification.m */ = {isa = PBXFileReference; name = "CDVNotification.m"; path = "cordova-plugin-dialogs/CDVNotification.m"; sourceTree = "<group>"; fileEncoding = 4; lastKnownFileType = sourcecode.c.objc; explicitFileType = undefined; includeInIndex = 0; };
		6C4A5AFBD36C41568B0DFE89 /* CDVNotification.h */ = {isa = PBXFileReference; name = "CDVNotification.h"; path = "cordova-plugin-dialogs/CDVNotification.h"; sourceTree = "<group>"; fileEncoding = 4; lastKnownFileType = sourcecode.c.h; explicitFileType = undefined; includeInIndex = 0; };
		3186C1E123664CFDB5920A8C /* CDVNotification.bundle */ = {isa = PBXFileReference; name = "CDVNotification.bundle"; path = "CDVNotification.bundle"; sourceTree = "<group>"; fileEncoding = undefined; lastKnownFileType = wrapper.plug-in; explicitFileType = undefined; includeInIndex = 0; };
		1009656DD56D407196CA6F2E /* CDVFile.m */ = {isa = PBXFileReference; name = "CDVFile.m"; path = "cordova-plugin-file/CDVFile.m"; sourceTree = "<group>"; fileEncoding = 4; lastKnownFileType = sourcecode.c.objc; explicitFileType = undefined; includeInIndex = 0; };
		AAB5553CAE6E420A842F2893 /* CDVLocalFilesystem.m */ = {isa = PBXFileReference; name = "CDVLocalFilesystem.m"; path = "cordova-plugin-file/CDVLocalFilesystem.m"; sourceTree = "<group>"; fileEncoding = 4; lastKnownFileType = sourcecode.c.objc; explicitFileType = undefined; includeInIndex = 0; };
		8F3B6934ED5B4D20A3575B58 /* CDVAssetLibraryFilesystem.m */ = {isa = PBXFileReference; name = "CDVAssetLibraryFilesystem.m"; path = "cordova-plugin-file/CDVAssetLibraryFilesystem.m"; sourceTree = "<group>"; fileEncoding = 4; lastKnownFileType = sourcecode.c.objc; explicitFileType = undefined; includeInIndex = 0; };
		4B8B4A5B9FFF4C99B7341ECB /* CDVFile.h */ = {isa = PBXFileReference; name = "CDVFile.h"; path = "cordova-plugin-file/CDVFile.h"; sourceTree = "<group>"; fileEncoding = 4; lastKnownFileType = sourcecode.c.h; explicitFileType = undefined; includeInIndex = 0; };
		9EF850F99FFA4390BD32861D /* CDVLocalFilesystem.h */ = {isa = PBXFileReference; name = "CDVLocalFilesystem.h"; path = "cordova-plugin-file/CDVLocalFilesystem.h"; sourceTree = "<group>"; fileEncoding = 4; lastKnownFileType = sourcecode.c.h; explicitFileType = undefined; includeInIndex = 0; };
		3CDA8278575743CCA7F82D0F /* CDVAssetLibraryFilesystem.h */ = {isa = PBXFileReference; name = "CDVAssetLibraryFilesystem.h"; path = "cordova-plugin-file/CDVAssetLibraryFilesystem.h"; sourceTree = "<group>"; fileEncoding = 4; lastKnownFileType = sourcecode.c.h; explicitFileType = undefined; includeInIndex = 0; };
		99A0472FA19B428CA9B0DB55 /* CDVFileTransfer.m */ = {isa = PBXFileReference; name = "CDVFileTransfer.m"; path = "cordova-plugin-file-transfer/CDVFileTransfer.m"; sourceTree = "<group>"; fileEncoding = 4; lastKnownFileType = sourcecode.c.objc; explicitFileType = undefined; includeInIndex = 0; };
		AF6EA1EE93F1438FB2F5F90A /* CDVFileTransfer.h */ = {isa = PBXFileReference; name = "CDVFileTransfer.h"; path = "cordova-plugin-file-transfer/CDVFileTransfer.h"; sourceTree = "<group>"; fileEncoding = 4; lastKnownFileType = sourcecode.c.h; explicitFileType = undefined; includeInIndex = 0; };
		C7D61AC5E8344D3398F52D9F /* CDVGlobalization.m */ = {isa = PBXFileReference; name = "CDVGlobalization.m"; path = "cordova-plugin-globalization/CDVGlobalization.m"; sourceTree = "<group>"; fileEncoding = 4; lastKnownFileType = sourcecode.c.objc; explicitFileType = undefined; includeInIndex = 0; };
		0B6B39401CC64418A50A1349 /* CDVGlobalization.h */ = {isa = PBXFileReference; name = "CDVGlobalization.h"; path = "cordova-plugin-globalization/CDVGlobalization.h"; sourceTree = "<group>"; fileEncoding = 4; lastKnownFileType = sourcecode.c.h; explicitFileType = undefined; includeInIndex = 0; };
		7A470755C48541E780CA344F /* CDVInAppBrowser.m */ = {isa = PBXFileReference; name = "CDVInAppBrowser.m"; path = "cordova-plugin-inappbrowser/CDVInAppBrowser.m"; sourceTree = "<group>"; fileEncoding = 4; lastKnownFileType = sourcecode.c.objc; explicitFileType = undefined; includeInIndex = 0; };
		2DF2D5DEC2A44F8896A7FC6B /* CDVInAppBrowser.h */ = {isa = PBXFileReference; name = "CDVInAppBrowser.h"; path = "cordova-plugin-inappbrowser/CDVInAppBrowser.h"; sourceTree = "<group>"; fileEncoding = 4; lastKnownFileType = sourcecode.c.h; explicitFileType = undefined; includeInIndex = 0; };
		85C6FD45D9EE4526A357906D /* CDVSound.m */ = {isa = PBXFileReference; name = "CDVSound.m"; path = "cordova-plugin-media/CDVSound.m"; sourceTree = "<group>"; fileEncoding = 4; lastKnownFileType = sourcecode.c.objc; explicitFileType = undefined; includeInIndex = 0; };
		F949783BF0C7440FB78D163F /* CDVSound.h */ = {isa = PBXFileReference; name = "CDVSound.h"; path = "cordova-plugin-media/CDVSound.h"; sourceTree = "<group>"; fileEncoding = 4; lastKnownFileType = sourcecode.c.h; explicitFileType = undefined; includeInIndex = 0; };
		B666D7B3A03B48AB9280647F /* AppDelegate+FirebasePlugin.m */ = {isa = PBXFileReference; name = "AppDelegate+FirebasePlugin.m"; path = "cordova-plugin-firebase/AppDelegate+FirebasePlugin.m"; sourceTree = "<group>"; fileEncoding = 4; lastKnownFileType = sourcecode.c.objc; explicitFileType = undefined; includeInIndex = 0; };
		93AFDEEACC1340ADBE081D67 /* FirebasePlugin.m */ = {isa = PBXFileReference; name = "FirebasePlugin.m"; path = "cordova-plugin-firebase/FirebasePlugin.m"; sourceTree = "<group>"; fileEncoding = 4; lastKnownFileType = sourcecode.c.objc; explicitFileType = undefined; includeInIndex = 0; };
		AF18755958D34F72B01A350F /* AppDelegate+FirebasePlugin.h */ = {isa = PBXFileReference; name = "AppDelegate+FirebasePlugin.h"; path = "cordova-plugin-firebase/AppDelegate+FirebasePlugin.h"; sourceTree = "<group>"; fileEncoding = 4; lastKnownFileType = sourcecode.c.h; explicitFileType = undefined; includeInIndex = 0; };
		4BFFD27CFBCA45C0AE7ABE53 /* FirebasePlugin.h */ = {isa = PBXFileReference; name = "FirebasePlugin.h"; path = "cordova-plugin-firebase/FirebasePlugin.h"; sourceTree = "<group>"; fileEncoding = 4; lastKnownFileType = sourcecode.c.h; explicitFileType = undefined; includeInIndex = 0; };
		B1AF9700819E4F74850B1E31 /* Firebase.h */ = {isa = PBXFileReference; name = "Firebase.h"; path = "cordova-plugin-firebase/Firebase.h"; sourceTree = "<group>"; fileEncoding = 4; lastKnownFileType = sourcecode.c.h; explicitFileType = undefined; includeInIndex = 0; };
		A077E4C8344D4D248E8BB085 /* GoogleService-Info.plist */ = {isa = PBXFileReference; name = "GoogleService-Info.plist"; path = "GoogleService-Info.plist"; sourceTree = "<group>"; fileEncoding = 4; lastKnownFileType = text.plist.xml; explicitFileType = undefined; includeInIndex = 0; };
		344578B403F44A80877B48D5 /* FirebaseAnalytics.framework */ = {isa = PBXFileReference; name = "FirebaseAnalytics.framework"; path = "Kollaj/Plugins/cordova-plugin-firebase/FirebaseAnalytics.framework"; sourceTree = "<group>"; fileEncoding = undefined; lastKnownFileType = wrapper.framework; explicitFileType = undefined; includeInIndex = 0; };
		B25AE8D6CCF74CD69C9F2AED /* FirebaseCore.framework */ = {isa = PBXFileReference; name = "FirebaseCore.framework"; path = "Kollaj/Plugins/cordova-plugin-firebase/FirebaseCore.framework"; sourceTree = "<group>"; fileEncoding = undefined; lastKnownFileType = wrapper.framework; explicitFileType = undefined; includeInIndex = 0; };
		8E1FBCAC83414C49AD017514 /* FirebaseInstanceID.framework */ = {isa = PBXFileReference; name = "FirebaseInstanceID.framework"; path = "Kollaj/Plugins/cordova-plugin-firebase/FirebaseInstanceID.framework"; sourceTree = "<group>"; fileEncoding = undefined; lastKnownFileType = wrapper.framework; explicitFileType = undefined; includeInIndex = 0; };
		F053E627173347B3857A4EB6 /* GoogleInterchangeUtilities.framework */ = {isa = PBXFileReference; name = "GoogleInterchangeUtilities.framework"; path = "Kollaj/Plugins/cordova-plugin-firebase/GoogleInterchangeUtilities.framework"; sourceTree = "<group>"; fileEncoding = undefined; lastKnownFileType = wrapper.framework; explicitFileType = undefined; includeInIndex = 0; };
		AE892AFDD5BB4870A0066418 /* GoogleSymbolUtilities.framework */ = {isa = PBXFileReference; name = "GoogleSymbolUtilities.framework"; path = "Kollaj/Plugins/cordova-plugin-firebase/GoogleSymbolUtilities.framework"; sourceTree = "<group>"; fileEncoding = undefined; lastKnownFileType = wrapper.framework; explicitFileType = undefined; includeInIndex = 0; };
		11E7AE67504C45C5AE84CD89 /* GoogleUtilities.framework */ = {isa = PBXFileReference; name = "GoogleUtilities.framework"; path = "Kollaj/Plugins/cordova-plugin-firebase/GoogleUtilities.framework"; sourceTree = "<group>"; fileEncoding = undefined; lastKnownFileType = wrapper.framework; explicitFileType = undefined; includeInIndex = 0; };
		25EC1B5B0D224F7286411670 /* FirebaseMessaging.framework */ = {isa = PBXFileReference; name = "FirebaseMessaging.framework"; path = "Kollaj/Plugins/cordova-plugin-firebase/FirebaseMessaging.framework"; sourceTree = "<group>"; fileEncoding = undefined; lastKnownFileType = wrapper.framework; explicitFileType = undefined; includeInIndex = 0; };
		C2DBE72C3D404C61831BBCA0 /* GoogleIPhoneUtilities.framework */ = {isa = PBXFileReference; name = "GoogleIPhoneUtilities.framework"; path = "Kollaj/Plugins/cordova-plugin-firebase/GoogleIPhoneUtilities.framework"; sourceTree = "<group>"; fileEncoding = undefined; lastKnownFileType = wrapper.framework; explicitFileType = undefined; includeInIndex = 0; };
		2E8879BA27C842FAA21FEA93 /* FirebaseCrash.framework */ = {isa = PBXFileReference; name = "FirebaseCrash.framework"; path = "Kollaj/Plugins/cordova-plugin-firebase/FirebaseCrash.framework"; sourceTree = "<group>"; fileEncoding = undefined; lastKnownFileType = wrapper.framework; explicitFileType = undefined; includeInIndex = 0; };
		B35160091497408A932A6DA3 /* FirebaseRemoteConfig.framework */ = {isa = PBXFileReference; name = "FirebaseRemoteConfig.framework"; path = "Kollaj/Plugins/cordova-plugin-firebase/FirebaseRemoteConfig.framework"; sourceTree = "<group>"; fileEncoding = undefined; lastKnownFileType = wrapper.framework; explicitFileType = undefined; includeInIndex = 0; };
/* End PBXFileReference section */

/* Begin PBXFrameworksBuildPhase section */
		1D60588F0D05DD3D006BFB54 /* Frameworks */ = {
			isa = PBXFrameworksBuildPhase;
			buildActionMask = 2147483647;
			files = (
				301BF552109A68D80062928A /* libCordova.a in Frameworks */,
				28A4593EFC044B96B5B19CCE /* GoogleMobileAds.framework in Frameworks */,
				F8E93979AEED41EBBC366DFF /* AdSupport.framework in Frameworks */,
				F99AAF48C4084927B4CB8A5D /* AudioToolbox.framework in Frameworks */,
				914C14549A144EFBB21191AC /* AVFoundation.framework in Frameworks */,
				AB764522F98F4F809201EB74 /* CoreFoundation.framework in Frameworks */,
				C9D768DA53E74CFA87C7A89F /* CoreMedia.framework in Frameworks */,
				80D70C91A4AF42668D96D2C0 /* CoreTelephony.framework in Frameworks */,
				6461F7ECF3C146A18A9124DA /* MessageUI.framework in Frameworks */,
				B3A57987702E4E3CA1417375 /* QuartzCore.framework in Frameworks */,
				2E39570881AA4F3BB8FB6A1B /* StoreKit.framework in Frameworks */,
				07FEA216B0DB4011BCB3BB57 /* SystemConfiguration.framework in Frameworks */,
				9B999CD0E08F4213B58A860E /* EventKit.framework in Frameworks */,
				C4CB7E2A42F24D2AA33BFC5C /* EventKitUI.framework in Frameworks */,
				B10A6AFF41B64421ADE9BFEA /* libCordovaGenericAd.a in Frameworks */,
				A73567362C77498198D8ECDC /* CFNetwork.framework in Frameworks */,
				75800F8C57FB41BDBBCE7159 /* GoogleMobileAds.framework in Frameworks */,
				1D5DCFD1796244C9921266C7 /* CoreBluetooth.framework in Frameworks */,
				D826C5D0664947B2B996A4C1 /* CoreLocation.framework in Frameworks */,
				E9FB9F5F6D0E477CB5E07F1D /* CoreMotion.framework in Frameworks */,
				AFCAACA93A104134911C4068 /* CoreVideo.framework in Frameworks */,
				096094F4D283430FBAE521CF /* Foundation.framework in Frameworks */,
				5E9B2EDC52E741FEB883EAF9 /* GLKit.framework in Frameworks */,
				1EF3F8DEEBE24480AEA03347 /* MediaPlayer.framework in Frameworks */,
				98A25374E9144042A55453F2 /* OpenGLES.framework in Frameworks */,
				1D1A2D60B0BC470FA72A9A5B /* SafariServices.framework in Frameworks */,
				D954CE9A493745C6BC82BB03 /* UIKit.framework in Frameworks */,
				C7DDB00F3CA14267BADDC0B7 /* ImageIO.framework in Frameworks */,
				BACA4AF17EFB4093878328BE /* AddressBook.framework in Frameworks */,
				6B7C973C85C3434381160A92 /* AddressBookUI.framework in Frameworks */,
				54CAC8414BB448AE9060C8B4 /* FirebaseAnalytics.framework in Frameworks */,
				54222819A555446BBF76AD55 /* FirebaseCore.framework in Frameworks */,
				95B9E8BCA75A48FC90811550 /* FirebaseInstanceID.framework in Frameworks */,
				70BBA1C39E294DBEA1E7F9A8 /* GoogleInterchangeUtilities.framework in Frameworks */,
				A89365177E704A01B420DDB4 /* GoogleSymbolUtilities.framework in Frameworks */,
				8F5DB42CFAE446BB85A11A3B /* GoogleUtilities.framework in Frameworks */,
				C32D0421A4F947AA9330B369 /* FirebaseMessaging.framework in Frameworks */,
				E5A87B6804434B8BB5EE0EEA /* GoogleIPhoneUtilities.framework in Frameworks */,
				774E1BF519B348EF99C79E92 /* FirebaseCrash.framework in Frameworks */,
				B8BEB06E256642FB9D313850 /* FirebaseRemoteConfig.framework in Frameworks */,
			);
			runOnlyForDeploymentPostprocessing = 0;
		};
/* End PBXFrameworksBuildPhase section */

/* Begin PBXGroup section */
		080E96DDFE201D6D7F000001 /* Classes */ = {
			isa = PBXGroup;
			children = (
				302D95EE14D2391D003F00A1 /* MainViewController.h */,
				302D95EF14D2391D003F00A1 /* MainViewController.m */,
				302D95F014D2391D003F00A1 /* MainViewController.xib */,
				1D3623240D0F684500981E51 /* AppDelegate.h */,
				1D3623250D0F684500981E51 /* AppDelegate.m */,
			);
			name = Classes;
			path = "Kollaj/Classes";
			sourceTree = SOURCE_ROOT;
		};
		19C28FACFE9D520D11CA2CBB /* Products */ = {
			isa = PBXGroup;
			children = (
				1D6058910D05DD3D006BFB54 /* Kollaj.app */,
			);
			name = Products;
			sourceTree = "<group>";
		};
		29B97314FDCFA39411CA2CEA /* CustomTemplate */ = {
			isa = PBXGroup;
			children = (
				EB87FDF41871DAF40020F90C /* config.xml */,
				EB87FDF31871DA8E0020F90C /* www */,
				EB87FDF11871DA420020F90C /* Staging */,
				301BF52D109A57CC0062928A /* CordovaLib.xcodeproj */,
				080E96DDFE201D6D7F000001 /* Classes */,
				307C750510C5A3420062BCA9 /* Plugins */,
				29B97315FDCFA39411CA2CEA /* Other Sources */,
				29B97317FDCFA39411CA2CEA /* Resources */,
				29B97323FDCFA39411CA2CEA /* Frameworks */,
				19C28FACFE9D520D11CA2CBB /* Products */,
			);
			name = CustomTemplate;
			sourceTree = "<group>";
		};
		29B97315FDCFA39411CA2CEA /* Other Sources */ = {
			isa = PBXGroup;
			children = (
				32CA4F630368D1EE00C91783 /* Kollaj-Prefix.pch */,
				29B97316FDCFA39411CA2CEA /* main.m */,
				ED33DF2A687741AEAF9F8254 /* Bridging-Header.h */,
			);
			name = "Other Sources";
			path = "Kollaj";
			sourceTree = "<group>";
		};
		29B97317FDCFA39411CA2CEA /* Resources */ = {
			isa = PBXGroup;
			children = (
				0207DA571B56EA530066E2B4 /* Images.xcassets */,
				3047A50E1AB8057F00498E2A /* config */,
				8D1107310486CEB800E47090 /* Kollaj-Info.plist */,
				6AFF5BF81D6E424B00AB3073 /* CDVLaunchScreen.storyboard */,
				3186C1E123664CFDB5920A8C /* CDVNotification.bundle */,
				A077E4C8344D4D248E8BB085 /* GoogleService-Info.plist */,
			);
			name = Resources;
			path = "Kollaj/Resources";
			sourceTree = "<group>";
		};
		29B97323FDCFA39411CA2CEA /* Frameworks */ = {
			isa = PBXGroup;
			children = (
				AE7049A8802D4FA5B7552E42 /* GoogleMobileAds.framework */,
				F371F7E4F99047179A3B823A /* AdSupport.framework */,
				B208F3FC23D64D25A64529F4 /* AudioToolbox.framework */,
				C9D6D1899E0A43FA9C99449A /* AVFoundation.framework */,
				6DC77AAF90EC4C1BA8C14EC7 /* CoreFoundation.framework */,
				F4D6C91B49E7445D9DE3543F /* CoreMedia.framework */,
				7ED86503CCE74647BC8F4A27 /* CoreTelephony.framework */,
				439A179FA76F41A88A01B9CD /* MessageUI.framework */,
				25F8D55591CC406C8FF94413 /* QuartzCore.framework */,
				3A2503190DB14B05BF3C2922 /* StoreKit.framework */,
				F69B077D315E4266A9F2BE02 /* SystemConfiguration.framework */,
				E026479E10824B538A07975D /* EventKit.framework */,
				D5E48E4E22204677B0447811 /* EventKitUI.framework */,
				26354304B4FB48969E0FF07F /* libCordovaGenericAd.a */,
				0ED83F6C7FDD41348C0313CC /* CFNetwork.framework */,
				A9A2E5DE0CD3427186D7EC1E /* GoogleMobileAds.framework */,
				AD62F2F77E4346ADBE4883C8 /* CoreBluetooth.framework */,
				3E54AF40D66E40DA9EAA32F3 /* CoreLocation.framework */,
				300D4D80781545AAB8F4ED69 /* CoreMotion.framework */,
				873BFC5569344D4BA1A27B7D /* CoreVideo.framework */,
				7D45074396FF4D6E82FB4822 /* Foundation.framework */,
				C28D192F763E425B866A1E41 /* GLKit.framework */,
				BAAD03BFC3FE45CD97E5A6C2 /* MediaPlayer.framework */,
				ABC470DA800C4E24ADEA8CFA /* OpenGLES.framework */,
				E7F0C52124394FB7BFA659B5 /* SafariServices.framework */,
				81B94D6B6F6D4B2FB7E3BDC1 /* UIKit.framework */,
				564C79950360412A9F90B73B /* ImageIO.framework */,
				777C49E82A5541E8B656F78F /* AddressBook.framework */,
				E74D45053EDD4E10A5D84DB7 /* AddressBookUI.framework */,
				344578B403F44A80877B48D5 /* FirebaseAnalytics.framework */,
				B25AE8D6CCF74CD69C9F2AED /* FirebaseCore.framework */,
				8E1FBCAC83414C49AD017514 /* FirebaseInstanceID.framework */,
				F053E627173347B3857A4EB6 /* GoogleInterchangeUtilities.framework */,
				AE892AFDD5BB4870A0066418 /* GoogleSymbolUtilities.framework */,
				11E7AE67504C45C5AE84CD89 /* GoogleUtilities.framework */,
				25EC1B5B0D224F7286411670 /* FirebaseMessaging.framework */,
				C2DBE72C3D404C61831BBCA0 /* GoogleIPhoneUtilities.framework */,
				2E8879BA27C842FAA21FEA93 /* FirebaseCrash.framework */,
				B35160091497408A932A6DA3 /* FirebaseRemoteConfig.framework */,
			);
			name = Frameworks;
			sourceTree = "<group>";
		};
		301BF52E109A57CC0062928A /* Products */ = {
			isa = PBXGroup;
			children = (
				301BF535109A57CC0062928A /* libCordova.a */,
			);
			name = Products;
			sourceTree = "<group>";
		};
		3047A50E1AB8057F00498E2A /* config */ = {
			isa = PBXGroup;
			children = (
				3047A50F1AB8059700498E2A /* build-debug.xcconfig */,
				3047A5101AB8059700498E2A /* build-release.xcconfig */,
				3047A5111AB8059700498E2A /* build.xcconfig */,
			);
			name = config;
			sourceTree = "<group>";
		};
		307C750510C5A3420062BCA9 /* Plugins */ = {
			isa = PBXGroup;
			children = (
				1E909ED52CC842B5A9415108 /* CDVPluginExt.m */,
				0D4F7DD8404F46BB929BC841 /* PluginAdapterDelegate.h */,
				ABB873799FCC4C1C98E4A1B6 /* CDVPluginExt.h */,
				D93B987AFC824974AC3AB7DE /* GenericAdPlugin.h */,
				99DBC662E0D449E9A500624B /* CDVAdMobPlugin.m */,
				E4EA784430A4448B8BD83494 /* AdMobMediation.m */,
				B7FF42E4D2F5498681372571 /* CDVAdMobPlugin.h */,
				7277D4CA2AFD45A7972353D7 /* AdMobMediation.h */,
				3C1900EF39FE4563A049FD93 /* CDVBattery.m */,
				C2369F5760D3481088DC91AB /* CDVBattery.h */,
				8DEB88B56378427AB15A150C /* UIImage+CropScaleOrientation.m */,
				79682E5047774D0FA9545581 /* CDVCamera.m */,
				809DD849F9104A9AAEC581CC /* CDVJpegHeaderWriter.m */,
				16A794E8C4E34AB58D39D1AD /* UIImage+CropScaleOrientation.h */,
				3EFAA105A1A741D2AE77660A /* CDVCamera.h */,
				C95BDC77BA4D4172A490CFE5 /* CDVJpegHeaderWriter.h */,
				D850FD03BF764283A9172255 /* CDVExif.h */,
				906615356AA54E689A24547A /* CDVLogger.m */,
				A026C332E92D4832AE3A7357 /* CDVLogger.h */,
				42AFD8C59E5F43DA83E383C6 /* CDVContacts.m */,
				4F044F709699422AAB7BF3E4 /* CDVContact.m */,
				0D0225AF1BE84BF9A7522980 /* CDVContacts.h */,
				14C860E327F245308C29B621 /* CDVContact.h */,
				0D19A6EF856A430EB42B09C3 /* CDVDevice.m */,
				C7E24DA19AFD416A8FF84DDF /* CDVDevice.h */,
				3963799169B5421399408B10 /* CDVCompass.m */,
				50F370EC81D24EC8A357A8C4 /* CDVCompass.h */,
				E6A8F155DC0047E7AD41D9EF /* CDVNotification.m */,
				6C4A5AFBD36C41568B0DFE89 /* CDVNotification.h */,
				1009656DD56D407196CA6F2E /* CDVFile.m */,
				AAB5553CAE6E420A842F2893 /* CDVLocalFilesystem.m */,
				8F3B6934ED5B4D20A3575B58 /* CDVAssetLibraryFilesystem.m */,
				4B8B4A5B9FFF4C99B7341ECB /* CDVFile.h */,
				9EF850F99FFA4390BD32861D /* CDVLocalFilesystem.h */,
				3CDA8278575743CCA7F82D0F /* CDVAssetLibraryFilesystem.h */,
				99A0472FA19B428CA9B0DB55 /* CDVFileTransfer.m */,
				AF6EA1EE93F1438FB2F5F90A /* CDVFileTransfer.h */,
				C7D61AC5E8344D3398F52D9F /* CDVGlobalization.m */,
				0B6B39401CC64418A50A1349 /* CDVGlobalization.h */,
				7A470755C48541E780CA344F /* CDVInAppBrowser.m */,
				2DF2D5DEC2A44F8896A7FC6B /* CDVInAppBrowser.h */,
				85C6FD45D9EE4526A357906D /* CDVSound.m */,
				F949783BF0C7440FB78D163F /* CDVSound.h */,
				B666D7B3A03B48AB9280647F /* AppDelegate+FirebasePlugin.m */,
				93AFDEEACC1340ADBE081D67 /* FirebasePlugin.m */,
				AF18755958D34F72B01A350F /* AppDelegate+FirebasePlugin.h */,
				4BFFD27CFBCA45C0AE7ABE53 /* FirebasePlugin.h */,
				B1AF9700819E4F74850B1E31 /* Firebase.h */,
			);
			name = Plugins;
			path = "Kollaj/Plugins";
			sourceTree = SOURCE_ROOT;
		};
		EB87FDF11871DA420020F90C /* Staging */ = {
			isa = PBXGroup;
			children = (
				F840E1F0165FE0F500CFE078 /* config.xml */,
				301BF56E109A69640062928A /* www */,
			);
			name = Staging;
			sourceTree = "<group>";
		};
/* End PBXGroup section */

/* Begin PBXNativeTarget section */
		1D6058900D05DD3D006BFB54 /* Kollaj */ = {
			isa = PBXNativeTarget;
			buildConfigurationList = 1D6058960D05DD3E006BFB54 /* Build configuration list for PBXNativeTarget "Kollaj" */;
			buildPhases = (
				304B58A110DAC018002A0835 /* Copy www directory */,
				1D60588D0D05DD3D006BFB54 /* Resources */,
				1D60588E0D05DD3D006BFB54 /* Sources */,
				1D60588F0D05DD3D006BFB54 /* Frameworks */,
			);
			buildRules = (
			);
			dependencies = (
				301BF551109A68C00062928A /* PBXTargetDependency */,
			);
			name = "Kollaj";
			productName = "Kollaj";
			productReference = 1D6058910D05DD3D006BFB54 /* Kollaj.app */;
			productType = "com.apple.product-type.application";
		};
/* End PBXNativeTarget section */

/* Begin PBXProject section */
		29B97313FDCFA39411CA2CEA /* Project object */ = {
			isa = PBXProject;
			attributes = {
				LastUpgradeCheck = 510;
			};
			buildConfigurationList = C01FCF4E08A954540054247B /* Build configuration list for PBXProject "__NON-CLI__" */;
			compatibilityVersion = "Xcode 3.2";
			developmentRegion = English;
			hasScannedForEncodings = 1;
			mainGroup = 29B97314FDCFA39411CA2CEA /* CustomTemplate */;
			projectDirPath = "";
			projectReferences = (
				{
					ProductGroup = 301BF52E109A57CC0062928A /* Products */;
					ProjectRef = 301BF52D109A57CC0062928A /* CordovaLib.xcodeproj */;
				},
			);
			projectRoot = "";
			targets = (
				1D6058900D05DD3D006BFB54 /* Kollaj */,
			);
		};
/* End PBXProject section */

/* Begin PBXReferenceProxy section */
		301BF535109A57CC0062928A /* libCordova.a */ = {
			isa = PBXReferenceProxy;
			fileType = archive.ar;
			path = libCordova.a;
			remoteRef = 301BF534109A57CC0062928A /* PBXContainerItemProxy */;
			sourceTree = BUILT_PRODUCTS_DIR;
		};
/* End PBXReferenceProxy section */

/* Begin PBXResourcesBuildPhase section */
		1D60588D0D05DD3D006BFB54 /* Resources */ = {
			isa = PBXResourcesBuildPhase;
			buildActionMask = 2147483647;
			files = (
				302D95F214D2391D003F00A1 /* MainViewController.xib in Resources */,
				0207DA581B56EA530066E2B4 /* Images.xcassets in Resources */,
				6AFF5BF91D6E424B00AB3073 /* CDVLaunchScreen.storyboard in Resources */,
				D3F443FCE21049A784B74D4C /* CDVNotification.bundle in Resources */,
				AA6C28CDB7BD4726843E1E9C /* GoogleService-Info.plist in Resources */,
			);
			runOnlyForDeploymentPostprocessing = 0;
		};
/* End PBXResourcesBuildPhase section */

/* Begin PBXShellScriptBuildPhase section */
		304B58A110DAC018002A0835 /* Copy www directory */ = {
			isa = PBXShellScriptBuildPhase;
			buildActionMask = 2147483647;
			files = (
			);
			inputPaths = (
			);
			name = "Copy www directory";
			outputPaths = (
			);
			runOnlyForDeploymentPostprocessing = 0;
			shellPath = /bin/sh;
			shellScript = "NODEJS_PATH=/usr/local/bin; NVM_NODE_PATH=~/.nvm/versions/node/`nvm version 2>/dev/null`/bin; N_NODE_PATH=`find /usr/local/n/versions/node/* -maxdepth 0 -type d 2>/dev/null | tail -1`/bin; XCODE_NODE_PATH=`xcode-select --print-path`/usr/share/xcs/Node/bin; PATH=$NODEJS_PATH:$NVM_NODE_PATH:$N_NODE_PATH:$XCODE_NODE_PATH:$PATH && node cordova/lib/copy-www-build-step.js";
			showEnvVarsInLog = 0;
		};
/* End PBXShellScriptBuildPhase section */

/* Begin PBXSourcesBuildPhase section */
		1D60588E0D05DD3D006BFB54 /* Sources */ = {
			isa = PBXSourcesBuildPhase;
			buildActionMask = 2147483647;
			files = (
				1D60589B0D05DD56006BFB54 /* main.m in Sources */,
				1D3623260D0F684500981E51 /* AppDelegate.m in Sources */,
				302D95F114D2391D003F00A1 /* MainViewController.m in Sources */,
				9D50F309D3DB49CAB5D441C5 /* CDVPluginExt.m in Sources */,
				212D2625E0854EBDBFB2B1D3 /* CDVAdMobPlugin.m in Sources */,
				EA8EC39F6F2940AF9F41B83C /* AdMobMediation.m in Sources */,
				4FB5169E178043CDA72F0D94 /* CDVBattery.m in Sources */,
				348596854F3E4D3D9354BC4B /* UIImage+CropScaleOrientation.m in Sources */,
				CAFF61C0355A45039F160C15 /* CDVCamera.m in Sources */,
				E6C50DC11AC84CCF939E6ACF /* CDVJpegHeaderWriter.m in Sources */,
				228AB56FC21843BF95203F0B /* CDVLogger.m in Sources */,
				4E653150134F49FE950F7E62 /* CDVContacts.m in Sources */,
				F38008E61B11470292201340 /* CDVContact.m in Sources */,
				384F1BF4C54F407E8B729DB2 /* CDVDevice.m in Sources */,
				9814041FFD544297864C33CD /* CDVCompass.m in Sources */,
				AA02992AA9AD46BEBA46236D /* CDVNotification.m in Sources */,
				0B8C2C418CAF4AA397D8049D /* CDVFile.m in Sources */,
				8A617ECCCFB3421E996694CF /* CDVLocalFilesystem.m in Sources */,
				9322892D88E0403383EA0106 /* CDVAssetLibraryFilesystem.m in Sources */,
				0089D355861442C38F774B47 /* CDVFileTransfer.m in Sources */,
				DA0FCED91F5E43B1B547F7B7 /* CDVGlobalization.m in Sources */,
				7656BDE60626496EBD77E4A8 /* CDVInAppBrowser.m in Sources */,
				29C470D03DFD40A09019E193 /* CDVSound.m in Sources */,
				14600C89F6F74EA8B0B39D49 /* AppDelegate+FirebasePlugin.m in Sources */,
				1FC6889BBA6F49789DAE072D /* FirebasePlugin.m in Sources */,
			);
			runOnlyForDeploymentPostprocessing = 0;
		};
/* End PBXSourcesBuildPhase section */

/* Begin PBXTargetDependency section */
		301BF551109A68C00062928A /* PBXTargetDependency */ = {
			isa = PBXTargetDependency;
			name = CordovaLib;
			targetProxy = 301BF550109A68C00062928A /* PBXContainerItemProxy */;
		};
/* End PBXTargetDependency section */

/* Begin XCBuildConfiguration section */
		1D6058940D05DD3E006BFB54 /* Debug */ = {
			isa = XCBuildConfiguration;
			baseConfigurationReference = 3047A50F1AB8059700498E2A /* build-debug.xcconfig */;
			buildSettings = {
				ALWAYS_SEARCH_USER_PATHS = NO;
				ASSETCATALOG_COMPILER_APPICON_NAME = AppIcon;
				ASSETCATALOG_COMPILER_LAUNCHIMAGE_NAME = LaunchImage;
				CLANG_ENABLE_MODULES = YES;
				CLANG_ENABLE_OBJC_ARC = YES;
				COPY_PHASE_STRIP = NO;
				GCC_DYNAMIC_NO_PIC = NO;
				GCC_OPTIMIZATION_LEVEL = 0;
				GCC_PRECOMPILE_PREFIX_HEADER = YES;
				GCC_PREFIX_HEADER = "Kollaj/Kollaj-Prefix.pch";
				GCC_THUMB_SUPPORT = NO;
				GCC_VERSION = "";
				INFOPLIST_FILE = "Kollaj/Kollaj-Info.plist";
				IPHONEOS_DEPLOYMENT_TARGET = 8.0;
				LD_RUNPATH_SEARCH_PATHS = "@executable_path/Frameworks";
				TARGETED_DEVICE_FAMILY = "1,2";
				PRODUCT_NAME = "Kollaj";
				FRAMEWORK_SEARCH_PATHS = (
					"$(inherited)",
					"\"Kollaj/Plugins/cordova-libgoogleadmobads\"",
					"\"Kollaj/Plugins/cordova-plugin-admobpro\"",
					"\"Kollaj/Plugins/cordova-plugin-firebase\"",
					"\"Kollaj/Plugins/cordova-plugin-firebase\"",
					"\"Kollaj/Plugins/cordova-plugin-firebase\"",
					"\"Kollaj/Plugins/cordova-plugin-firebase\"",
					"\"Kollaj/Plugins/cordova-plugin-firebase\"",
					"\"Kollaj/Plugins/cordova-plugin-firebase\"",
					"\"Kollaj/Plugins/cordova-plugin-firebase\"",
					"\"Kollaj/Plugins/cordova-plugin-firebase\"",
					"\"Kollaj/Plugins/cordova-plugin-firebase\"",
					"\"Kollaj/Plugins/cordova-plugin-firebase\"",
				);
				LIBRARY_SEARCH_PATHS = (
					"$(inherited)",
					"\"$(SRCROOT)/Kollaj/Plugins/cordova-plugin-extension\"",
				);
			};
			name = Debug;
		};
		1D6058950D05DD3E006BFB54 /* Release */ = {
			isa = XCBuildConfiguration;
			baseConfigurationReference = 3047A5101AB8059700498E2A /* build-release.xcconfig */;
			buildSettings = {
				ALWAYS_SEARCH_USER_PATHS = NO;
				ASSETCATALOG_COMPILER_APPICON_NAME = AppIcon;
				ASSETCATALOG_COMPILER_LAUNCHIMAGE_NAME = LaunchImage;
				CLANG_ENABLE_MODULES = YES;
				CLANG_ENABLE_OBJC_ARC = YES;
				COPY_PHASE_STRIP = YES;
				GCC_PRECOMPILE_PREFIX_HEADER = YES;
				GCC_PREFIX_HEADER = "Kollaj/Kollaj-Prefix.pch";
				GCC_THUMB_SUPPORT = NO;
				GCC_VERSION = "";
				INFOPLIST_FILE = "Kollaj/Kollaj-Info.plist";
				IPHONEOS_DEPLOYMENT_TARGET = 8.0;
				LD_RUNPATH_SEARCH_PATHS = "@executable_path/Frameworks";
				TARGETED_DEVICE_FAMILY = "1,2";
				PRODUCT_NAME = "Kollaj";
				FRAMEWORK_SEARCH_PATHS = (
					"$(inherited)",
					"\"Kollaj/Plugins/cordova-libgoogleadmobads\"",
					"\"Kollaj/Plugins/cordova-plugin-admobpro\"",
					"\"Kollaj/Plugins/cordova-plugin-firebase\"",
					"\"Kollaj/Plugins/cordova-plugin-firebase\"",
					"\"Kollaj/Plugins/cordova-plugin-firebase\"",
					"\"Kollaj/Plugins/cordova-plugin-firebase\"",
					"\"Kollaj/Plugins/cordova-plugin-firebase\"",
					"\"Kollaj/Plugins/cordova-plugin-firebase\"",
					"\"Kollaj/Plugins/cordova-plugin-firebase\"",
					"\"Kollaj/Plugins/cordova-plugin-firebase\"",
					"\"Kollaj/Plugins/cordova-plugin-firebase\"",
					"\"Kollaj/Plugins/cordova-plugin-firebase\"",
				);
				LIBRARY_SEARCH_PATHS = (
					"$(inherited)",
					"\"$(SRCROOT)/Kollaj/Plugins/cordova-plugin-extension\"",
				);
			};
			name = Release;
		};
		C01FCF4F08A954540054247B /* Debug */ = {
			isa = XCBuildConfiguration;
			baseConfigurationReference = 3047A5111AB8059700498E2A /* build.xcconfig */;
			buildSettings = {
				CLANG_ENABLE_MODULES = YES;
				CLANG_ENABLE_OBJC_ARC = YES;
				CLANG_WARN_BOOL_CONVERSION = YES;
				CLANG_WARN_CONSTANT_CONVERSION = YES;
				CLANG_WARN_EMPTY_BODY = YES;
				CLANG_WARN_ENUM_CONVERSION = YES;
				CLANG_WARN_INT_CONVERSION = YES;
				CLANG_WARN__DUPLICATE_METHOD_MATCH = YES;
				GCC_C_LANGUAGE_STANDARD = c99;
				GCC_THUMB_SUPPORT = NO;
				GCC_VERSION = "";
				GCC_WARN_ABOUT_RETURN_TYPE = YES;
				GCC_WARN_UNDECLARED_SELECTOR = YES;
				GCC_WARN_UNINITIALIZED_AUTOS = YES;
				GCC_WARN_UNUSED_FUNCTION = YES;
				GCC_WARN_UNUSED_VARIABLE = YES;
				ONLY_ACTIVE_ARCH = YES;
				SDKROOT = iphoneos;
				SKIP_INSTALL = NO;
				ASSETCATALOG_COMPILER_LAUNCHIMAGE_NAME = LaunchImage;
			};
			name = Debug;
		};
		C01FCF5008A954540054247B /* Release */ = {
			isa = XCBuildConfiguration;
			baseConfigurationReference = 3047A5111AB8059700498E2A /* build.xcconfig */;
			buildSettings = {
				CLANG_ENABLE_MODULES = YES;
				CLANG_ENABLE_OBJC_ARC = YES;
				CLANG_WARN_BOOL_CONVERSION = YES;
				CLANG_WARN_CONSTANT_CONVERSION = YES;
				CLANG_WARN_EMPTY_BODY = YES;
				CLANG_WARN_ENUM_CONVERSION = YES;
				CLANG_WARN_INT_CONVERSION = YES;
				CLANG_WARN__DUPLICATE_METHOD_MATCH = YES;
				GCC_C_LANGUAGE_STANDARD = c99;
				GCC_THUMB_SUPPORT = NO;
				GCC_VERSION = "";
				GCC_WARN_ABOUT_RETURN_TYPE = YES;
				GCC_WARN_UNDECLARED_SELECTOR = YES;
				GCC_WARN_UNINITIALIZED_AUTOS = YES;
				GCC_WARN_UNUSED_FUNCTION = YES;
				GCC_WARN_UNUSED_VARIABLE = YES;
				SDKROOT = iphoneos;
				SKIP_INSTALL = NO;
				ASSETCATALOG_COMPILER_LAUNCHIMAGE_NAME = LaunchImage;
			};
			name = Release;
		};
/* End XCBuildConfiguration section */

/* Begin XCConfigurationList section */
		1D6058960D05DD3E006BFB54 /* Build configuration list for PBXNativeTarget "Kollaj" */ = {
			isa = XCConfigurationList;
			buildConfigurations = (
				1D6058940D05DD3E006BFB54 /* Debug */,
				1D6058950D05DD3E006BFB54 /* Release */,
			);
			defaultConfigurationIsVisible = 0;
			defaultConfigurationName = Release;
		};
		C01FCF4E08A954540054247B /* Build configuration list for PBXProject "__NON-CLI__" */ = {
			isa = XCConfigurationList;
			buildConfigurations = (
				C01FCF4F08A954540054247B /* Debug */,
				C01FCF5008A954540054247B /* Release */,
			);
			defaultConfigurationIsVisible = 0;
			defaultConfigurationName = Release;
		};
/* End XCConfigurationList section */
	};
	rootObject = 29B97313FDCFA39411CA2CEA /* Project object */;
}
